
Microsoft Visual Studio Solution File, Format Version 12.00
# Visual Studio 15
VisualStudioVersion = 15.0.26430.12
MinimumVisualStudioVersion = 10.0.40219.1
Project("{FAE04EC0-301F-11D3-BF4B-00C04F79EFBC}") = "BakjeShareServer", "BakjeShareServer\BakjeShareServer.csproj", "{02B1B98A-EC2B-401C-B190-DE98F899F1D0}"
EndProject
Project("{FAE04EC0-301F-11D3-BF4B-00C04F79EFBC}") = "BakjeProtocol", "BakjeProtocol\BakjeProtocol.csproj", "{B9E6AA91-1E79-43BB-AC1D-77BAB8A3D768}"
EndProject
Project("{FAE04EC0-301F-11D3-BF4B-00C04F79EFBC}") = "BakjeClient.Android", "BakjeClient\BakjeClient.Android\BakjeClient.Android.csproj", "{AF847D83-6EA6-4BFA-A309-90DDA4CBD09E}"
EndProject
Project("{FAE04EC0-301F-11D3-BF4B-00C04F79EFBC}") = "BakjeClient", "BakjeClient\BakjeClient\BakjeClient.csproj", "{F0C66C18-01A6-4DB9-8C10-7322EEFFF6FE}"
	ProjectSection(ProjectDependencies) = postProject
		{B9E6AA91-1E79-43BB-AC1D-77BAB8A3D768} = {B9E6AA91-1E79-43BB-AC1D-77BAB8A3D768}
	EndProjectSection
EndProject
Project("{FAE04EC0-301F-11D3-BF4B-00C04F79EFBC}") = "BakjeClient.iOS", "BakjeClient\BakjeClient.iOS\BakjeClient.iOS.csproj", "{51C85F25-E2C3-4CF0-871D-62D739AC4F53}"
EndProject
Global
	GlobalSection(SolutionConfigurationPlatforms) = preSolution
		Ad-Hoc|Any CPU = Ad-Hoc|Any CPU
		Ad-Hoc|iPhone = Ad-Hoc|iPhone
		Ad-Hoc|iPhoneSimulator = Ad-Hoc|iPhoneSimulator
		AppStore|Any CPU = AppStore|Any CPU
		AppStore|iPhone = AppStore|iPhone
		AppStore|iPhoneSimulator = AppStore|iPhoneSimulator
		Debug|Any CPU = Debug|Any CPU
		Debug|iPhone = Debug|iPhone
		Debug|iPhoneSimulator = Debug|iPhoneSimulator
		Release|Any CPU = Release|Any CPU
		Release|iPhone = Release|iPhone
		Release|iPhoneSimulator = Release|iPhoneSimulator
	EndGlobalSection
	GlobalSection(ProjectConfigurationPlatforms) = postSolution
		{02B1B98A-EC2B-401C-B190-DE98F899F1D0}.Ad-Hoc|Any CPU.ActiveCfg = Release|Any CPU
		{02B1B98A-EC2B-401C-B190-DE98F899F1D0}.Ad-Hoc|Any CPU.Build.0 = Release|Any CPU
		{02B1B98A-EC2B-401C-B190-DE98F899F1D0}.Ad-Hoc|iPhone.ActiveCfg = Release|Any CPU
		{02B1B98A-EC2B-401C-B190-DE98F899F1D0}.Ad-Hoc|iPhone.Build.0 = Release|Any CPU
		{02B1B98A-EC2B-401C-B190-DE98F899F1D0}.Ad-Hoc|iPhoneSimulator.ActiveCfg = Release|Any CPU
		{02B1B98A-EC2B-401C-B190-DE98F899F1D0}.Ad-Hoc|iPhoneSimulator.Build.0 = Release|Any CPU
		{02B1B98A-EC2B-401C-B190-DE98F899F1D0}.AppStore|Any CPU.ActiveCfg = Release|Any CPU
		{02B1B98A-EC2B-401C-B190-DE98F899F1D0}.AppStore|Any CPU.Build.0 = Release|Any CPU
		{02B1B98A-EC2B-401C-B190-DE98F899F1D0}.AppStore|iPhone.ActiveCfg = Release|Any CPU
		{02B1B98A-EC2B-401C-B190-DE98F899F1D0}.AppStore|iPhone.Build.0 = Release|Any CPU
		{02B1B98A-EC2B-401C-B190-DE98F899F1D0}.AppStore|iPhoneSimulator.ActiveCfg = Release|Any CPU
		{02B1B98A-EC2B-401C-B190-DE98F899F1D0}.AppStore|iPhoneSimulator.Build.0 = Release|Any CPU
		{02B1B98A-EC2B-401C-B190-DE98F899F1D0}.Debug|Any CPU.ActiveCfg = Debug|Any CPU
		{02B1B98A-EC2B-401C-B190-DE98F899F1D0}.Debug|Any CPU.Build.0 = Debug|Any CPU
		{02B1B98A-EC2B-401C-B190-DE98F899F1D0}.Debug|iPhone.ActiveCfg = Debug|Any CPU
		{02B1B98A-EC2B-401C-B190-DE98F899F1D0}.Debug|iPhone.Build.0 = Debug|Any CPU
		{02B1B98A-EC2B-401C-B190-DE98F899F1D0}.Debug|iPhoneSimulator.ActiveCfg = Debug|Any CPU
		{02B1B98A-EC2B-401C-B190-DE98F899F1D0}.Debug|iPhoneSimulator.Build.0 = Debug|Any CPU
		{02B1B98A-EC2B-401C-B190-DE98F899F1D0}.Release|Any CPU.ActiveCfg = Release|Any CPU
		{02B1B98A-EC2B-401C-B190-DE98F899F1D0}.Release|Any CPU.Build.0 = Release|Any CPU
		{02B1B98A-EC2B-401C-B190-DE98F899F1D0}.Release|iPhone.ActiveCfg = Release|Any CPU
		{02B1B98A-EC2B-401C-B190-DE98F899F1D0}.Release|iPhone.Build.0 = Release|Any CPU
		{02B1B98A-EC2B-401C-B190-DE98F899F1D0}.Release|iPhoneSimulator.ActiveCfg = Release|Any CPU
		{02B1B98A-EC2B-401C-B190-DE98F899F1D0}.Release|iPhoneSimulator.Build.0 = Release|Any CPU
		{B9E6AA91-1E79-43BB-AC1D-77BAB8A3D768}.Ad-Hoc|Any CPU.ActiveCfg = Release|Any CPU
		{B9E6AA91-1E79-43BB-AC1D-77BAB8A3D768}.Ad-Hoc|Any CPU.Build.0 = Release|Any CPU
		{B9E6AA91-1E79-43BB-AC1D-77BAB8A3D768}.Ad-Hoc|iPhone.ActiveCfg = Release|Any CPU
		{B9E6AA91-1E79-43BB-AC1D-77BAB8A3D768}.Ad-Hoc|iPhone.Build.0 = Release|Any CPU
		{B9E6AA91-1E79-43BB-AC1D-77BAB8A3D768}.Ad-Hoc|iPhoneSimulator.ActiveCfg = Release|Any CPU
		{B9E6AA91-1E79-43BB-AC1D-77BAB8A3D768}.Ad-Hoc|iPhoneSimulator.Build.0 = Release|Any CPU
		{B9E6AA91-1E79-43BB-AC1D-77BAB8A3D768}.AppStore|Any CPU.ActiveCfg = Release|Any CPU
		{B9E6AA91-1E79-43BB-AC1D-77BAB8A3D768}.AppStore|Any CPU.Build.0 = Release|Any CPU
		{B9E6AA91-1E79-43BB-AC1D-77BAB8A3D768}.AppStore|iPhone.ActiveCfg = Release|Any CPU
		{B9E6AA91-1E79-43BB-AC1D-77BAB8A3D768}.AppStore|iPhone.Build.0 = Release|Any CPU
		{B9E6AA91-1E79-43BB-AC1D-77BAB8A3D768}.AppStore|iPhoneSimulator.ActiveCfg = Release|Any CPU
		{B9E6AA91-1E79-43BB-AC1D-77BAB8A3D768}.AppStore|iPhoneSimulator.Build.0 = Release|Any CPU
		{B9E6AA91-1E79-43BB-AC1D-77BAB8A3D768}.Debug|Any CPU.ActiveCfg = Debug|Any CPU
		{B9E6AA91-1E79-43BB-AC1D-77BAB8A3D768}.Debug|Any CPU.Build.0 = Debug|Any CPU
		{B9E6AA91-1E79-43BB-AC1D-77BAB8A3D768}.Debug|iPhone.ActiveCfg = Debug|Any CPU
		{B9E6AA91-1E79-43BB-AC1D-77BAB8A3D768}.Debug|iPhone.Build.0 = Debug|Any CPU
		{B9E6AA91-1E79-43BB-AC1D-77BAB8A3D768}.Debug|iPhoneSimulator.ActiveCfg = Debug|Any CPU
		{B9E6AA91-1E79-43BB-AC1D-77BAB8A3D768}.Debug|iPhoneSimulator.Build.0 = Debug|Any CPU
		{B9E6AA91-1E79-43BB-AC1D-77BAB8A3D768}.Release|Any CPU.ActiveCfg = Release|Any CPU
		{B9E6AA91-1E79-43BB-AC1D-77BAB8A3D768}.Release|Any CPU.Build.0 = Release|Any CPU
		{B9E6AA91-1E79-43BB-AC1D-77BAB8A3D768}.Release|iPhone.ActiveCfg = Release|Any CPU
		{B9E6AA91-1E79-43BB-AC1D-77BAB8A3D768}.Release|iPhone.Build.0 = Release|Any CPU
		{B9E6AA91-1E79-43BB-AC1D-77BAB8A3D768}.Release|iPhoneSimulator.ActiveCfg = Release|Any CPU
		{B9E6AA91-1E79-43BB-AC1D-77BAB8A3D768}.Release|iPhoneSimulator.Build.0 = Release|Any CPU
		{AF847D83-6EA6-4BFA-A309-90DDA4CBD09E}.Ad-Hoc|Any CPU.ActiveCfg = Release|Any CPU
		{AF847D83-6EA6-4BFA-A309-90DDA4CBD09E}.Ad-Hoc|Any CPU.Build.0 = Release|Any CPU
		{AF847D83-6EA6-4BFA-A309-90DDA4CBD09E}.Ad-Hoc|Any CPU.Deploy.0 = Release|Any CPU
		{AF847D83-6EA6-4BFA-A309-90DDA4CBD09E}.Ad-Hoc|iPhone.ActiveCfg = Release|Any CPU
		{AF847D83-6EA6-4BFA-A309-90DDA4CBD09E}.Ad-Hoc|iPhone.Build.0 = Release|Any CPU
		{AF847D83-6EA6-4BFA-A309-90DDA4CBD09E}.Ad-Hoc|iPhone.Deploy.0 = Release|Any CPU
		{AF847D83-6EA6-4BFA-A309-90DDA4CBD09E}.Ad-Hoc|iPhoneSimulator.ActiveCfg = Release|Any CPU
		{AF847D83-6EA6-4BFA-A309-90DDA4CBD09E}.Ad-Hoc|iPhoneSimulator.Build.0 = Release|Any CPU
		{AF847D83-6EA6-4BFA-A309-90DDA4CBD09E}.Ad-Hoc|iPhoneSimulator.Deploy.0 = Release|Any CPU
		{AF847D83-6EA6-4BFA-A309-90DDA4CBD09E}.AppStore|Any CPU.ActiveCfg = Release|Any CPU
		{AF847D83-6EA6-4BFA-A309-90DDA4CBD09E}.AppStore|Any CPU.Build.0 = Release|Any CPU
		{AF847D83-6EA6-4BFA-A309-90DDA4CBD09E}.AppStore|Any CPU.Deploy.0 = Release|Any CPU
		{AF847D83-6EA6-4BFA-A309-90DDA4CBD09E}.AppStore|iPhone.ActiveCfg = Release|Any CPU
		{AF847D83-6EA6-4BFA-A309-90DDA4CBD09E}.AppStore|iPhone.Build.0 = Release|Any CPU
		{AF847D83-6EA6-4BFA-A309-90DDA4CBD09E}.AppStore|iPhone.Deploy.0 = Release|Any CPU
		{AF847D83-6EA6-4BFA-A309-90DDA4CBD09E}.AppStore|iPhoneSimulator.ActiveCfg = Release|Any CPU
		{AF847D83-6EA6-4BFA-A309-90DDA4CBD09E}.AppStore|iPhoneSimulator.Build.0 = Release|Any CPU
		{AF847D83-6EA6-4BFA-A309-90DDA4CBD09E}.AppStore|iPhoneSimulator.Deploy.0 = Release|Any CPU
		{AF847D83-6EA6-4BFA-A309-90DDA4CBD09E}.Debug|Any CPU.ActiveCfg = Debug|Any CPU
		{AF847D83-6EA6-4BFA-A309-90DDA4CBD09E}.Debug|Any CPU.Build.0 = Debug|Any CPU
		{AF847D83-6EA6-4BFA-A309-90DDA4CBD09E}.Debug|Any CPU.Deploy.0 = Debug|Any CPU
		{AF847D83-6EA6-4BFA-A309-90DDA4CBD09E}.Debug|iPhone.ActiveCfg = Debug|Any CPU
		{AF847D83-6EA6-4BFA-A309-90DDA4CBD09E}.Debug|iPhone.Build.0 = Debug|Any CPU
		{AF847D83-6EA6-4BFA-A309-90DDA4CBD09E}.Debug|iPhone.Deploy.0 = Debug|Any CPU
		{AF847D83-6EA6-4BFA-A309-90DDA4CBD09E}.Debug|iPhoneSimulator.ActiveCfg = Debug|Any CPU
		{AF847D83-6EA6-4BFA-A309-90DDA4CBD09E}.Debug|iPhoneSimulator.Build.0 = Debug|Any CPU
		{AF847D83-6EA6-4BFA-A309-90DDA4CBD09E}.Debug|iPhoneSimulator.Deploy.0 = Debug|Any CPU
		{AF847D83-6EA6-4BFA-A309-90DDA4CBD09E}.Release|Any CPU.ActiveCfg = Release|Any CPU
		{AF847D83-6EA6-4BFA-A309-90DDA4CBD09E}.Release|Any CPU.Build.0 = Release|Any CPU
		{AF847D83-6EA6-4BFA-A309-90DDA4CBD09E}.Release|Any CPU.Deploy.0 = Release|Any CPU
		{AF847D83-6EA6-4BFA-A309-90DDA4CBD09E}.Release|iPhone.ActiveCfg = Release|Any CPU
		{AF847D83-6EA6-4BFA-A309-90DDA4CBD09E}.Release|iPhone.Build.0 = Release|Any CPU
		{AF847D83-6EA6-4BFA-A309-90DDA4CBD09E}.Release|iPhone.Deploy.0 = Release|Any CPU
		{AF847D83-6EA6-4BFA-A309-90DDA4CBD09E}.Release|iPhoneSimulator.ActiveCfg = Release|Any CPU
		{AF847D83-6EA6-4BFA-A309-90DDA4CBD09E}.Release|iPhoneSimulator.Build.0 = Release|Any CPU
		{AF847D83-6EA6-4BFA-A309-90DDA4CBD09E}.Release|iPhoneSimulator.Deploy.0 = Release|Any CPU
		{F0C66C18-01A6-4DB9-8C10-7322EEFFF6FE}.Ad-Hoc|Any CPU.ActiveCfg = Release|Any CPU
		{F0C66C18-01A6-4DB9-8C10-7322EEFFF6FE}.Ad-Hoc|Any CPU.Build.0 = Release|Any CPU
		{F0C66C18-01A6-4DB9-8C10-7322EEFFF6FE}.Ad-Hoc|iPhone.ActiveCfg = Release|Any CPU
		{F0C66C18-01A6-4DB9-8C10-7322EEFFF6FE}.Ad-Hoc|iPhone.Build.0 = Release|Any CPU
		{F0C66C18-01A6-4DB9-8C10-7322EEFFF6FE}.Ad-Hoc|iPhoneSimulator.ActiveCfg = Release|Any CPU
		{F0C66C18-01A6-4DB9-8C10-7322EEFFF6FE}.Ad-Hoc|iPhoneSimulator.Build.0 = Release|Any CPU
		{F0C66C18-01A6-4DB9-8C10-7322EEFFF6FE}.AppStore|Any CPU.ActiveCfg = Release|Any CPU
		{F0C66C18-01A6-4DB9-8C10-7322EEFFF6FE}.AppStore|Any CPU.Build.0 = Release|Any CPU
		{F0C66C18-01A6-4DB9-8C10-7322EEFFF6FE}.AppStore|iPhone.ActiveCfg = Release|Any CPU
		{F0C66C18-01A6-4DB9-8C10-7322EEFFF6FE}.AppStore|iPhone.Build.0 = Release|Any CPU
		{F0C66C18-01A6-4DB9-8C10-7322EEFFF6FE}.AppStore|iPhoneSimulator.ActiveCfg = Release|Any CPU
		{F0C66C18-01A6-4DB9-8C10-7322EEFFF6FE}.AppStore|iPhoneSimulator.Build.0 = Release|Any CPU
		{F0C66C18-01A6-4DB9-8C10-7322EEFFF6FE}.Debug|Any CPU.ActiveCfg = Debug|Any CPU
		{F0C66C18-01A6-4DB9-8C10-7322EEFFF6FE}.Debug|Any CPU.Build.0 = Debug|Any CPU
		{F0C66C18-01A6-4DB9-8C10-7322EEFFF6FE}.Debug|iPhone.ActiveCfg = Debug|Any CPU
		{F0C66C18-01A6-4DB9-8C10-7322EEFFF6FE}.Debug|iPhone.Build.0 = Debug|Any CPU
		{F0C66C18-01A6-4DB9-8C10-7322EEFFF6FE}.Debug|iPhoneSimulator.ActiveCfg = Debug|Any CPU
		{F0C66C18-01A6-4DB9-8C10-7322EEFFF6FE}.Debug|iPhoneSimulator.Build.0 = Debug|Any CPU
		{F0C66C18-01A6-4DB9-8C10-7322EEFFF6FE}.Release|Any CPU.ActiveCfg = Release|Any CPU
		{F0C66C18-01A6-4DB9-8C10-7322EEFFF6FE}.Release|Any CPU.Build.0 = Release|Any CPU
		{F0C66C18-01A6-4DB9-8C10-7322EEFFF6FE}.Release|iPhone.ActiveCfg = Release|Any CPU
		{F0C66C18-01A6-4DB9-8C10-7322EEFFF6FE}.Release|iPhone.Build.0 = Release|Any CPU
		{F0C66C18-01A6-4DB9-8C10-7322EEFFF6FE}.Release|iPhoneSimulator.ActiveCfg = Release|Any CPU
		{F0C66C18-01A6-4DB9-8C10-7322EEFFF6FE}.Release|iPhoneSimulator.Build.0 = Release|Any CPU
		{51C85F25-E2C3-4CF0-871D-62D739AC4F53}.Ad-Hoc|Any CPU.ActiveCfg = Ad-Hoc|iPhone
		{51C85F25-E2C3-4CF0-871D-62D739AC4F53}.Ad-Hoc|iPhone.ActiveCfg = Ad-Hoc|iPhone
		{51C85F25-E2C3-4CF0-871D-62D739AC4F53}.Ad-Hoc|iPhone.Build.0 = Ad-Hoc|iPhone
		{51C85F25-E2C3-4CF0-871D-62D739AC4F53}.Ad-Hoc|iPhoneSimulator.ActiveCfg = Ad-Hoc|iPhoneSimulator
		{51C85F25-E2C3-4CF0-871D-62D739AC4F53}.Ad-Hoc|iPhoneSimulator.Build.0 = Ad-Hoc|iPhoneSimulator
		{51C85F25-E2C3-4CF0-871D-62D739AC4F53}.AppStore|Any CPU.ActiveCfg = AppStore|iPhone
		{51C85F25-E2C3-4CF0-871D-62D739AC4F53}.AppStore|iPhone.ActiveCfg = AppStore|iPhone
		{51C85F25-E2C3-4CF0-871D-62D739AC4F53}.AppStore|iPhone.Build.0 = AppStore|iPhone
		{51C85F25-E2C3-4CF0-871D-62D739AC4F53}.AppStore|iPhoneSimulator.ActiveCfg = AppStore|iPhoneSimulator
		{51C85F25-E2C3-4CF0-871D-62D739AC4F53}.AppStore|iPhoneSimulator.Build.0 = AppStore|iPhoneSimulator
		{51C85F25-E2C3-4CF0-871D-62D739AC4F53}.Debug|Any CPU.ActiveCfg = Debug|iPhone
		{51C85F25-E2C3-4CF0-871D-62D739AC4F53}.Debug|iPhone.ActiveCfg = Debug|iPhone
		{51C85F25-E2C3-4CF0-871D-62D739AC4F53}.Debug|iPhone.Build.0 = Debug|iPhone
		{51C85F25-E2C3-4CF0-871D-62D739AC4F53}.Debug|iPhoneSimulator.ActiveCfg = Debug|iPhoneSimulator
		{51C85F25-E2C3-4CF0-871D-62D739AC4F53}.Debug|iPhoneSimulator.Build.0 = Debug|iPhoneSimulator
		{51C85F25-E2C3-4CF0-871D-62D739AC4F53}.Release|Any CPU.ActiveCfg = Release|iPhone
		{51C85F25-E2C3-4CF0-871D-62D739AC4F53}.Release|iPhone.ActiveCfg = Release|iPhone
		{51C85F25-E2C3-4CF0-871D-62D739AC4F53}.Release|iPhone.Build.0 = Release|iPhone
		{51C85F25-E2C3-4CF0-871D-62D739AC4F53}.Release|iPhoneSimulator.ActiveCfg = Release|iPhoneSimulator
		{51C85F25-E2C3-4CF0-871D-62D739AC4F53}.Release|iPhoneSimulator.Build.0 = Release|iPhoneSimulator
	EndGlobalSection
	GlobalSection(SolutionProperties) = preSolution
		HideSolutionNode = FALSE
	EndGlobalSection
EndGlobal
